
Microsoft Visual Studio Solution File, Format Version 12.00
# Visual Studio Version 17
VisualStudioVersion = 17.0.31912.275
MinimumVisualStudioVersion = 10.0.40219.1
Project("{FAE04EC0-301F-11D3-BF4B-00C04F79EFBC}") = "ASPNET5-Calculadora", "ASPNET5-Calculadora\ASPNET5-Calculadora.csproj", "{6137D432-3806-4D05-A595-39C5487A000E}"
EndProject
Global
	GlobalSection(SolutionConfigurationPlatforms) = preSolution
		Debug|Any CPU = Debug|Any CPU
		Release|Any CPU = Release|Any CPU
	EndGlobalSection
	GlobalSection(ProjectConfigurationPlatforms) = postSolution
		{6137D432-3806-4D05-A595-39C5487A000E}.Debug|Any CPU.ActiveCfg = Debug|Any CPU
		{6137D432-3806-4D05-A595-39C5487A000E}.Debug|Any CPU.Build.0 = Debug|Any CPU
		{6137D432-3806-4D05-A595-39C5487A000E}.Release|Any CPU.ActiveCfg = Release|Any CPU
		{6137D432-3806-4D05-A595-39C5487A000E}.Release|Any CPU.Build.0 = Release|Any CPU
	EndGlobalSection
	GlobalSection(SolutionProperties) = preSolution
		HideSolutionNode = FALSE
	EndGlobalSection
	GlobalSection(ExtensibilityGlobals) = postSolution
		SolutionGuid = {E2CA3738-6844-4B29-8350-E384B362AAE4}
	EndGlobalSection
EndGlobal
